<?xml version="1.0" encoding="utf-8"?>
<Project ToolsVersion="15.0" xmlns="http://schemas.microsoft.com/developer/msbuild/2003">
  <ItemGroup>
    <ClCompile Include="C:\Users\TranA\Desktop\gitYlidar\ydlidar_sdk\Samples\test1.cpp">
      <Filter>Source Files</Filter>
    </ClCompile>
  </ItemGroup>
  <ItemGroup>
    <CustomBuild Include="C:\Users\TranA\Desktop\gitYlidar\ydlidar_sdk\Samples\CMakeLists.txt" />
  </ItemGroup>
  <ItemGroup>
    <Filter Include="Source Files">
      <UniqueIdentifier>{D4339B33-97B7-317E-8C68-3FF7FBED9308}</UniqueIdentifier>
    </Filter>
  </ItemGroup>
</Project>
